
Microsoft Visual Studio Solution File, Format Version 12.00
# Visual Studio Version 16
VisualStudioVersion = 16.0.31702.278
MinimumVisualStudioVersion = 10.0.40219.1
Project("{FAE04EC0-301F-11D3-BF4B-00C04F79EFBC}") = "DotNetFundamentals", "DotNetFundamentals.csproj", "{2227328A-4843-465A-A113-EE50074E834D}"
EndProject
Global
	GlobalSection(SolutionConfigurationPlatforms) = preSolution
		Debug|Any CPU = Debug|Any CPU
		Release|Any CPU = Release|Any CPU
	EndGlobalSection
	GlobalSection(ProjectConfigurationPlatforms) = postSolution
		{2227328A-4843-465A-A113-EE50074E834D}.Debug|Any CPU.ActiveCfg = Debug|Any CPU
		{2227328A-4843-465A-A113-EE50074E834D}.Debug|Any CPU.Build.0 = Debug|Any CPU
		{2227328A-4843-465A-A113-EE50074E834D}.Release|Any CPU.ActiveCfg = Release|Any CPU
		{2227328A-4843-465A-A113-EE50074E834D}.Release|Any CPU.Build.0 = Release|Any CPU
	EndGlobalSection
	GlobalSection(SolutionProperties) = preSolution
		HideSolutionNode = FALSE
	EndGlobalSection
	GlobalSection(ExtensibilityGlobals) = postSolution
		SolutionGuid = {2907C118-E144-4789-BB94-C8A3A463D4BA}
	EndGlobalSection
EndGlobal
